
Microsoft Visual Studio Solution File, Format Version 12.00
# Visual Studio 15
VisualStudioVersion = 15.0.26124.0
MinimumVisualStudioVersion = 15.0.26124.0
Project("{FAE04EC0-301F-11D3-BF4B-00C04F79EFBC}") = "WooliesX.Api", "WooliesX.Api\WooliesX.Api.csproj", "{0A6048E2-0981-489C-856F-0727F36C4C99}"
EndProject
Project("{FAE04EC0-301F-11D3-BF4B-00C04F79EFBC}") = "WooliesX.Domain", "WooliesX.Domain\WooliesX.Domain.csproj", "{7016E0CB-BE19-4641-89D0-6DB2D237D74B}"
EndProject
Project("{FAE04EC0-301F-11D3-BF4B-00C04F79EFBC}") = "WooliesX.Integration.Tests", "WooliesX.Integration.Tests\WooliesX.Integration.Tests.csproj", "{120C3C42-4D42-4DD4-B155-D1DA882CB14D}"
EndProject
Project("{FAE04EC0-301F-11D3-BF4B-00C04F79EFBC}") = "WooliesX.Data", "WooliesX.Data\WooliesX.Data.csproj", "{7F412D30-5FCB-4F6D-B06E-810589A20552}"
EndProject
Project("{FAE04EC0-301F-11D3-BF4B-00C04F79EFBC}") = "WooliesX.Domain.Tests", "WooliesX.Domain.Tests\WooliesX.Domain.Tests.csproj", "{0A0B0EED-2423-4AD6-A98D-4F8D88B9F444}"
EndProject
Global
	GlobalSection(SolutionConfigurationPlatforms) = preSolution
		Debug|Any CPU = Debug|Any CPU
		Debug|x64 = Debug|x64
		Debug|x86 = Debug|x86
		Release|Any CPU = Release|Any CPU
		Release|x64 = Release|x64
		Release|x86 = Release|x86
	EndGlobalSection
	GlobalSection(SolutionProperties) = preSolution
		HideSolutionNode = FALSE
	EndGlobalSection
	GlobalSection(ProjectConfigurationPlatforms) = postSolution
		{0A6048E2-0981-489C-856F-0727F36C4C99}.Debug|Any CPU.ActiveCfg = Debug|Any CPU
		{0A6048E2-0981-489C-856F-0727F36C4C99}.Debug|Any CPU.Build.0 = Debug|Any CPU
		{0A6048E2-0981-489C-856F-0727F36C4C99}.Debug|x64.ActiveCfg = Debug|Any CPU
		{0A6048E2-0981-489C-856F-0727F36C4C99}.Debug|x64.Build.0 = Debug|Any CPU
		{0A6048E2-0981-489C-856F-0727F36C4C99}.Debug|x86.ActiveCfg = Debug|Any CPU
		{0A6048E2-0981-489C-856F-0727F36C4C99}.Debug|x86.Build.0 = Debug|Any CPU
		{0A6048E2-0981-489C-856F-0727F36C4C99}.Release|Any CPU.ActiveCfg = Release|Any CPU
		{0A6048E2-0981-489C-856F-0727F36C4C99}.Release|Any CPU.Build.0 = Release|Any CPU
		{0A6048E2-0981-489C-856F-0727F36C4C99}.Release|x64.ActiveCfg = Release|Any CPU
		{0A6048E2-0981-489C-856F-0727F36C4C99}.Release|x64.Build.0 = Release|Any CPU
		{0A6048E2-0981-489C-856F-0727F36C4C99}.Release|x86.ActiveCfg = Release|Any CPU
		{0A6048E2-0981-489C-856F-0727F36C4C99}.Release|x86.Build.0 = Release|Any CPU
		{7016E0CB-BE19-4641-89D0-6DB2D237D74B}.Debug|Any CPU.ActiveCfg = Debug|Any CPU
		{7016E0CB-BE19-4641-89D0-6DB2D237D74B}.Debug|Any CPU.Build.0 = Debug|Any CPU
		{7016E0CB-BE19-4641-89D0-6DB2D237D74B}.Debug|x64.ActiveCfg = Debug|Any CPU
		{7016E0CB-BE19-4641-89D0-6DB2D237D74B}.Debug|x64.Build.0 = Debug|Any CPU
		{7016E0CB-BE19-4641-89D0-6DB2D237D74B}.Debug|x86.ActiveCfg = Debug|Any CPU
		{7016E0CB-BE19-4641-89D0-6DB2D237D74B}.Debug|x86.Build.0 = Debug|Any CPU
		{7016E0CB-BE19-4641-89D0-6DB2D237D74B}.Release|Any CPU.ActiveCfg = Release|Any CPU
		{7016E0CB-BE19-4641-89D0-6DB2D237D74B}.Release|Any CPU.Build.0 = Release|Any CPU
		{7016E0CB-BE19-4641-89D0-6DB2D237D74B}.Release|x64.ActiveCfg = Release|Any CPU
		{7016E0CB-BE19-4641-89D0-6DB2D237D74B}.Release|x64.Build.0 = Release|Any CPU
		{7016E0CB-BE19-4641-89D0-6DB2D237D74B}.Release|x86.ActiveCfg = Release|Any CPU
		{7016E0CB-BE19-4641-89D0-6DB2D237D74B}.Release|x86.Build.0 = Release|Any CPU
		{120C3C42-4D42-4DD4-B155-D1DA882CB14D}.Debug|Any CPU.ActiveCfg = Debug|Any CPU
		{120C3C42-4D42-4DD4-B155-D1DA882CB14D}.Debug|Any CPU.Build.0 = Debug|Any CPU
		{120C3C42-4D42-4DD4-B155-D1DA882CB14D}.Debug|x64.ActiveCfg = Debug|Any CPU
		{120C3C42-4D42-4DD4-B155-D1DA882CB14D}.Debug|x64.Build.0 = Debug|Any CPU
		{120C3C42-4D42-4DD4-B155-D1DA882CB14D}.Debug|x86.ActiveCfg = Debug|Any CPU
		{120C3C42-4D42-4DD4-B155-D1DA882CB14D}.Debug|x86.Build.0 = Debug|Any CPU
		{120C3C42-4D42-4DD4-B155-D1DA882CB14D}.Release|Any CPU.ActiveCfg = Release|Any CPU
		{120C3C42-4D42-4DD4-B155-D1DA882CB14D}.Release|Any CPU.Build.0 = Release|Any CPU
		{120C3C42-4D42-4DD4-B155-D1DA882CB14D}.Release|x64.ActiveCfg = Release|Any CPU
		{120C3C42-4D42-4DD4-B155-D1DA882CB14D}.Release|x64.Build.0 = Release|Any CPU
		{120C3C42-4D42-4DD4-B155-D1DA882CB14D}.Release|x86.ActiveCfg = Release|Any CPU
		{120C3C42-4D42-4DD4-B155-D1DA882CB14D}.Release|x86.Build.0 = Release|Any CPU
		{7F412D30-5FCB-4F6D-B06E-810589A20552}.Debug|Any CPU.ActiveCfg = Debug|Any CPU
		{7F412D30-5FCB-4F6D-B06E-810589A20552}.Debug|Any CPU.Build.0 = Debug|Any CPU
		{7F412D30-5FCB-4F6D-B06E-810589A20552}.Debug|x64.ActiveCfg = Debug|Any CPU
		{7F412D30-5FCB-4F6D-B06E-810589A20552}.Debug|x64.Build.0 = Debug|Any CPU
		{7F412D30-5FCB-4F6D-B06E-810589A20552}.Debug|x86.ActiveCfg = Debug|Any CPU
		{7F412D30-5FCB-4F6D-B06E-810589A20552}.Debug|x86.Build.0 = Debug|Any CPU
		{7F412D30-5FCB-4F6D-B06E-810589A20552}.Release|Any CPU.ActiveCfg = Release|Any CPU
		{7F412D30-5FCB-4F6D-B06E-810589A20552}.Release|Any CPU.Build.0 = Release|Any CPU
		{7F412D30-5FCB-4F6D-B06E-810589A20552}.Release|x64.ActiveCfg = Release|Any CPU
		{7F412D30-5FCB-4F6D-B06E-810589A20552}.Release|x64.Build.0 = Release|Any CPU
		{7F412D30-5FCB-4F6D-B06E-810589A20552}.Release|x86.ActiveCfg = Release|Any CPU
		{7F412D30-5FCB-4F6D-B06E-810589A20552}.Release|x86.Build.0 = Release|Any CPU
		{0A0B0EED-2423-4AD6-A98D-4F8D88B9F444}.Debug|Any CPU.ActiveCfg = Debug|Any CPU
		{0A0B0EED-2423-4AD6-A98D-4F8D88B9F444}.Debug|Any CPU.Build.0 = Debug|Any CPU
		{0A0B0EED-2423-4AD6-A98D-4F8D88B9F444}.Debug|x64.ActiveCfg = Debug|Any CPU
		{0A0B0EED-2423-4AD6-A98D-4F8D88B9F444}.Debug|x64.Build.0 = Debug|Any CPU
		{0A0B0EED-2423-4AD6-A98D-4F8D88B9F444}.Debug|x86.ActiveCfg = Debug|Any CPU
		{0A0B0EED-2423-4AD6-A98D-4F8D88B9F444}.Debug|x86.Build.0 = Debug|Any CPU
		{0A0B0EED-2423-4AD6-A98D-4F8D88B9F444}.Release|Any CPU.ActiveCfg = Release|Any CPU
		{0A0B0EED-2423-4AD6-A98D-4F8D88B9F444}.Release|Any CPU.Build.0 = Release|Any CPU
		{0A0B0EED-2423-4AD6-A98D-4F8D88B9F444}.Release|x64.ActiveCfg = Release|Any CPU
		{0A0B0EED-2423-4AD6-A98D-4F8D88B9F444}.Release|x64.Build.0 = Release|Any CPU
		{0A0B0EED-2423-4AD6-A98D-4F8D88B9F444}.Release|x86.ActiveCfg = Release|Any CPU
		{0A0B0EED-2423-4AD6-A98D-4F8D88B9F444}.Release|x86.Build.0 = Release|Any CPU
	EndGlobalSection
EndGlobal
